
Microsoft Visual Studio Solution File, Format Version 12.00
# Visual Studio Version 17
VisualStudioVersion = 17.3.32819.101
MinimumVisualStudioVersion = 10.0.40219.1
Project("{FAE04EC0-301F-11D3-BF4B-00C04F79EFBC}") = "EnglishMasterWebAssembly.Server", "EnglishMasterWebAssembly\Server\EnglishMasterWebAssembly.Server.csproj", "{0755AA43-8EC4-4126-9E7F-84F8F914AB8A}"
EndProject
Project("{FAE04EC0-301F-11D3-BF4B-00C04F79EFBC}") = "EnglishMasterWebAssembly.Client", "EnglishMasterWebAssembly\Client\EnglishMasterWebAssembly.Client.csproj", "{6DDD8E13-78D9-46FA-9635-1286CC2944D1}"
EndProject
Project("{FAE04EC0-301F-11D3-BF4B-00C04F79EFBC}") = "EnglishMasterWebAssembly.Shared", "EnglishMasterWebAssembly\Shared\EnglishMasterWebAssembly.Shared.csproj", "{442B9962-89CF-4440-A891-96D1E7D1B82C}"
EndProject
Global
	GlobalSection(SolutionConfigurationPlatforms) = preSolution
		Debug|Any CPU = Debug|Any CPU
		Release|Any CPU = Release|Any CPU
	EndGlobalSection
	GlobalSection(ProjectConfigurationPlatforms) = postSolution
		{0755AA43-8EC4-4126-9E7F-84F8F914AB8A}.Debug|Any CPU.ActiveCfg = Debug|Any CPU
		{0755AA43-8EC4-4126-9E7F-84F8F914AB8A}.Debug|Any CPU.Build.0 = Debug|Any CPU
		{0755AA43-8EC4-4126-9E7F-84F8F914AB8A}.Release|Any CPU.ActiveCfg = Release|Any CPU
		{0755AA43-8EC4-4126-9E7F-84F8F914AB8A}.Release|Any CPU.Build.0 = Release|Any CPU
		{6DDD8E13-78D9-46FA-9635-1286CC2944D1}.Debug|Any CPU.ActiveCfg = Debug|Any CPU
		{6DDD8E13-78D9-46FA-9635-1286CC2944D1}.Debug|Any CPU.Build.0 = Debug|Any CPU
		{6DDD8E13-78D9-46FA-9635-1286CC2944D1}.Release|Any CPU.ActiveCfg = Release|Any CPU
		{6DDD8E13-78D9-46FA-9635-1286CC2944D1}.Release|Any CPU.Build.0 = Release|Any CPU
		{442B9962-89CF-4440-A891-96D1E7D1B82C}.Debug|Any CPU.ActiveCfg = Debug|Any CPU
		{442B9962-89CF-4440-A891-96D1E7D1B82C}.Debug|Any CPU.Build.0 = Debug|Any CPU
		{442B9962-89CF-4440-A891-96D1E7D1B82C}.Release|Any CPU.ActiveCfg = Release|Any CPU
		{442B9962-89CF-4440-A891-96D1E7D1B82C}.Release|Any CPU.Build.0 = Release|Any CPU
	EndGlobalSection
	GlobalSection(SolutionProperties) = preSolution
		HideSolutionNode = FALSE
	EndGlobalSection
	GlobalSection(ExtensibilityGlobals) = postSolution
		SolutionGuid = {5B59172D-1698-41F9-BFC1-E9867DFBDC00}
	EndGlobalSection
EndGlobal
